// !$*UTF8*$!
{
	archiveVersion = 1;
	classes = {
	};
	objectVersion = 56;
	objects = {

/* Begin PBXBuildFile section */
		F665E81B2B2B3A4B00607A2B /* SwiftUI_SampleAppApp.swift in Sources */ = {isa = PBXBuildFile; fileRef = F665E81A2B2B3A4B00607A2B /* SwiftUI_SampleAppApp.swift */; };
		F665E81D2B2B3A4B00607A2B /* ContentView.swift in Sources */ = {isa = PBXBuildFile; fileRef = F665E81C2B2B3A4B00607A2B /* ContentView.swift */; };
		F665E81F2B2B3A4C00607A2B /* Assets.xcassets in Resources */ = {isa = PBXBuildFile; fileRef = F665E81E2B2B3A4C00607A2B /* Assets.xcassets */; };
		F665E8222B2B3A4C00607A2B /* Preview Assets.xcassets in Resources */ = {isa = PBXBuildFile; fileRef = F665E8212B2B3A4C00607A2B /* Preview Assets.xcassets */; };
		F665E8292B2B3D4000607A2B /* HomeView.swift in Sources */ = {isa = PBXBuildFile; fileRef = F665E8282B2B3D4000607A2B /* HomeView.swift */; };
		F665E82B2B2B3D4800607A2B /* StoryView.swift in Sources */ = {isa = PBXBuildFile; fileRef = F665E82A2B2B3D4800607A2B /* StoryView.swift */; };
		F665E82D2B2B3D5100607A2B /* FavoritesView.swift in Sources */ = {isa = PBXBuildFile; fileRef = F665E82C2B2B3D5100607A2B /* FavoritesView.swift */; };
		F665E82F2B2B3D9D00607A2B /* FunFactsView.swift in Sources */ = {isa = PBXBuildFile; fileRef = F665E82E2B2B3D9D00607A2B /* FunFactsView.swift */; };
		F665E8312B2B3E5A00607A2B /* Data.swift in Sources */ = {isa = PBXBuildFile; fileRef = F665E8302B2B3E5A00607A2B /* Data.swift */; };
		F665E8332B2C71C900607A2B /* MyStory.swift in Sources */ = {isa = PBXBuildFile; fileRef = F665E8322B2C71C900607A2B /* MyStory.swift */; };
		F665E8352B2C729A00607A2B /* StoryModels.swift in Sources */ = {isa = PBXBuildFile; fileRef = F665E8342B2C729A00607A2B /* StoryModels.swift */; };
		F665E8372B2C78B700607A2B /* StoryPageView.swift in Sources */ = {isa = PBXBuildFile; fileRef = F665E8362B2C78B700607A2B /* StoryPageView.swift */; };
		F665E83D2B2C81EB00607A2B /* Event.swift in Sources */ = {isa = PBXBuildFile; fileRef = F665E83C2B2C81EB00607A2B /* Event.swift */; };
		F665E83F2B2C828A00607A2B /* EventTask.swift in Sources */ = {isa = PBXBuildFile; fileRef = F665E83E2B2C828A00607A2B /* EventTask.swift */; };
		F665E8412B2C831000607A2B /* EventData.swift in Sources */ = {isa = PBXBuildFile; fileRef = F665E8402B2C831000607A2B /* EventData.swift */; };
		F665E8432B2C8F9F00607A2B /* ColorOption.swift in Sources */ = {isa = PBXBuildFile; fileRef = F665E8422B2C8F9F00607A2B /* ColorOption.swift */; };
		F665E8452B2C8FD000607A2B /* EventSymbols.swift in Sources */ = {isa = PBXBuildFile; fileRef = F665E8442B2C8FD000607A2B /* EventSymbols.swift */; };
		F665E8472B2C90FC00607A2B /* EventList.swift in Sources */ = {isa = PBXBuildFile; fileRef = F665E8462B2C90FC00607A2B /* EventList.swift */; };
		F665E8492B2C936900607A2B /* EventDetail.swift in Sources */ = {isa = PBXBuildFile; fileRef = F665E8482B2C936900607A2B /* EventDetail.swift */; };
		F665E84B2B2C94F300607A2B /* TaskRow.swift in Sources */ = {isa = PBXBuildFile; fileRef = F665E84A2B2C94F300607A2B /* TaskRow.swift */; };
		F665E84D2B2C96E300607A2B /* SymbolPicker.swift in Sources */ = {isa = PBXBuildFile; fileRef = F665E84C2B2C96E300607A2B /* SymbolPicker.swift */; };
		F665E84F2B2C993800607A2B /* SFSymbolStyling.swift in Sources */ = {isa = PBXBuildFile; fileRef = F665E84E2B2C993800607A2B /* SFSymbolStyling.swift */; };
		F665E8512B2C9AB600607A2B /* EventRow.swift in Sources */ = {isa = PBXBuildFile; fileRef = F665E8502B2C9AB600607A2B /* EventRow.swift */; };
		F665E8532B2C9BAD00607A2B /* EventEditor.swift in Sources */ = {isa = PBXBuildFile; fileRef = F665E8522B2C9BAD00607A2B /* EventEditor.swift */; };
/* End PBXBuildFile section */

/* Begin PBXFileReference section */
		F665E8172B2B3A4B00607A2B /* SwiftUI_SampleApp.app */ = {isa = PBXFileReference; explicitFileType = wrapper.application; includeInIndex = 0; path = SwiftUI_SampleApp.app; sourceTree = BUILT_PRODUCTS_DIR; };
		F665E81A2B2B3A4B00607A2B /* SwiftUI_SampleAppApp.swift */ = {isa = PBXFileReference; lastKnownFileType = sourcecode.swift; path = SwiftUI_SampleAppApp.swift; sourceTree = "<group>"; };
		F665E81C2B2B3A4B00607A2B /* ContentView.swift */ = {isa = PBXFileReference; lastKnownFileType = sourcecode.swift; path = ContentView.swift; sourceTree = "<group>"; };
		F665E81E2B2B3A4C00607A2B /* Assets.xcassets */ = {isa = PBXFileReference; lastKnownFileType = folder.assetcatalog; path = Assets.xcassets; sourceTree = "<group>"; };
		F665E8212B2B3A4C00607A2B /* Preview Assets.xcassets */ = {isa = PBXFileReference; lastKnownFileType = folder.assetcatalog; path = "Preview Assets.xcassets"; sourceTree = "<group>"; };
		F665E8282B2B3D4000607A2B /* HomeView.swift */ = {isa = PBXFileReference; lastKnownFileType = sourcecode.swift; path = HomeView.swift; sourceTree = "<group>"; };
		F665E82A2B2B3D4800607A2B /* StoryView.swift */ = {isa = PBXFileReference; lastKnownFileType = sourcecode.swift; path = StoryView.swift; sourceTree = "<group>"; };
		F665E82C2B2B3D5100607A2B /* FavoritesView.swift */ = {isa = PBXFileReference; lastKnownFileType = sourcecode.swift; path = FavoritesView.swift; sourceTree = "<group>"; };
		F665E82E2B2B3D9D00607A2B /* FunFactsView.swift */ = {isa = PBXFileReference; lastKnownFileType = sourcecode.swift; path = FunFactsView.swift; sourceTree = "<group>"; };
		F665E8302B2B3E5A00607A2B /* Data.swift */ = {isa = PBXFileReference; lastKnownFileType = sourcecode.swift; path = Data.swift; sourceTree = "<group>"; };
		F665E8322B2C71C900607A2B /* MyStory.swift */ = {isa = PBXFileReference; lastKnownFileType = sourcecode.swift; path = MyStory.swift; sourceTree = "<group>"; };
		F665E8342B2C729A00607A2B /* StoryModels.swift */ = {isa = PBXFileReference; lastKnownFileType = sourcecode.swift; path = StoryModels.swift; sourceTree = "<group>"; };
		F665E8362B2C78B700607A2B /* StoryPageView.swift */ = {isa = PBXFileReference; lastKnownFileType = sourcecode.swift; path = StoryPageView.swift; sourceTree = "<group>"; };
		F665E83C2B2C81EB00607A2B /* Event.swift */ = {isa = PBXFileReference; lastKnownFileType = sourcecode.swift; path = Event.swift; sourceTree = "<group>"; };
		F665E83E2B2C828A00607A2B /* EventTask.swift */ = {isa = PBXFileReference; lastKnownFileType = sourcecode.swift; path = EventTask.swift; sourceTree = "<group>"; };
		F665E8402B2C831000607A2B /* EventData.swift */ = {isa = PBXFileReference; lastKnownFileType = sourcecode.swift; path = EventData.swift; sourceTree = "<group>"; };
		F665E8422B2C8F9F00607A2B /* ColorOption.swift */ = {isa = PBXFileReference; lastKnownFileType = sourcecode.swift; path = ColorOption.swift; sourceTree = "<group>"; };
		F665E8442B2C8FD000607A2B /* EventSymbols.swift */ = {isa = PBXFileReference; lastKnownFileType = sourcecode.swift; path = EventSymbols.swift; sourceTree = "<group>"; };
		F665E8462B2C90FC00607A2B /* EventList.swift */ = {isa = PBXFileReference; lastKnownFileType = sourcecode.swift; path = EventList.swift; sourceTree = "<group>"; };
		F665E8482B2C936900607A2B /* EventDetail.swift */ = {isa = PBXFileReference; lastKnownFileType = sourcecode.swift; path = EventDetail.swift; sourceTree = "<group>"; };
		F665E84A2B2C94F300607A2B /* TaskRow.swift */ = {isa = PBXFileReference; lastKnownFileType = sourcecode.swift; path = TaskRow.swift; sourceTree = "<group>"; };
		F665E84C2B2C96E300607A2B /* SymbolPicker.swift */ = {isa = PBXFileReference; lastKnownFileType = sourcecode.swift; path = SymbolPicker.swift; sourceTree = "<group>"; };
		F665E84E2B2C993800607A2B /* SFSymbolStyling.swift */ = {isa = PBXFileReference; lastKnownFileType = sourcecode.swift; path = SFSymbolStyling.swift; sourceTree = "<group>"; };
		F665E8502B2C9AB600607A2B /* EventRow.swift */ = {isa = PBXFileReference; lastKnownFileType = sourcecode.swift; path = EventRow.swift; sourceTree = "<group>"; };
		F665E8522B2C9BAD00607A2B /* EventEditor.swift */ = {isa = PBXFileReference; lastKnownFileType = sourcecode.swift; path = EventEditor.swift; sourceTree = "<group>"; };
/* End PBXFileReference section */

/* Begin PBXFrameworksBuildPhase section */
		F665E8142B2B3A4B00607A2B /* Frameworks */ = {
			isa = PBXFrameworksBuildPhase;
			buildActionMask = 2147483647;
			files = (
			);
			runOnlyForDeploymentPostprocessing = 0;
		};
/* End PBXFrameworksBuildPhase section */

/* Begin PBXGroup section */
		F665E80E2B2B3A4B00607A2B = {
			isa = PBXGroup;
			children = (
				F665E8192B2B3A4B00607A2B /* SwiftUI_SampleApp */,
				F665E8182B2B3A4B00607A2B /* Products */,
			);
			sourceTree = "<group>";
		};
		F665E8182B2B3A4B00607A2B /* Products */ = {
			isa = PBXGroup;
			children = (
				F665E8172B2B3A4B00607A2B /* SwiftUI_SampleApp.app */,
			);
			name = Products;
			sourceTree = "<group>";
		};
		F665E8192B2B3A4B00607A2B /* SwiftUI_SampleApp */ = {
			isa = PBXGroup;
			children = (
				F665E81A2B2B3A4B00607A2B /* SwiftUI_SampleAppApp.swift */,
				F665E8382B2C802100607A2B /* ChooseYourOwnStory */,
				F665E8392B2C804500607A2B /* DatePlaner */,
				F665E8202B2B3A4C00607A2B /* Preview Content */,
				F665E81E2B2B3A4C00607A2B /* Assets.xcassets */,
			);
			path = SwiftUI_SampleApp;
			sourceTree = "<group>";
		};
		F665E8202B2B3A4C00607A2B /* Preview Content */ = {
			isa = PBXGroup;
			children = (
				F665E8212B2B3A4C00607A2B /* Preview Assets.xcassets */,
			);
			path = "Preview Content";
			sourceTree = "<group>";
		};
		F665E8382B2C802100607A2B /* ChooseYourOwnStory */ = {
			isa = PBXGroup;
			children = (
				F665E81C2B2B3A4B00607A2B /* ContentView.swift */,
				F665E8342B2C729A00607A2B /* StoryModels.swift */,
				F665E8302B2B3E5A00607A2B /* Data.swift */,
				F665E8322B2C71C900607A2B /* MyStory.swift */,
				F665E8282B2B3D4000607A2B /* HomeView.swift */,
				F665E82A2B2B3D4800607A2B /* StoryView.swift */,
				F665E8362B2C78B700607A2B /* StoryPageView.swift */,
				F665E82C2B2B3D5100607A2B /* FavoritesView.swift */,
				F665E82E2B2B3D9D00607A2B /* FunFactsView.swift */,
			);
			path = ChooseYourOwnStory;
			sourceTree = "<group>";
		};
		F665E8392B2C804500607A2B /* DatePlaner */ = {
			isa = PBXGroup;
			children = (
				F665E83C2B2C81EB00607A2B /* Event.swift */,
				F665E83E2B2C828A00607A2B /* EventTask.swift */,
				F665E8402B2C831000607A2B /* EventData.swift */,
				F665E8442B2C8FD000607A2B /* EventSymbols.swift */,
				F665E84E2B2C993800607A2B /* SFSymbolStyling.swift */,
				F665E8422B2C8F9F00607A2B /* ColorOption.swift */,
				F665E84C2B2C96E300607A2B /* SymbolPicker.swift */,
				F665E8482B2C936900607A2B /* EventDetail.swift */,
				F665E8522B2C9BAD00607A2B /* EventEditor.swift */,
				F665E84A2B2C94F300607A2B /* TaskRow.swift */,
				F665E8502B2C9AB600607A2B /* EventRow.swift */,
				F665E8462B2C90FC00607A2B /* EventList.swift */,
			);
			path = DatePlaner;
			sourceTree = "<group>";
		};
/* End PBXGroup section */

/* Begin PBXNativeTarget section */
		F665E8162B2B3A4B00607A2B /* SwiftUI_SampleApp */ = {
			isa = PBXNativeTarget;
			buildConfigurationList = F665E8252B2B3A4C00607A2B /* Build configuration list for PBXNativeTarget "SwiftUI_SampleApp" */;
			buildPhases = (
				F665E8132B2B3A4B00607A2B /* Sources */,
				F665E8142B2B3A4B00607A2B /* Frameworks */,
				F665E8152B2B3A4B00607A2B /* Resources */,
			);
			buildRules = (
			);
			dependencies = (
			);
			name = SwiftUI_SampleApp;
			productName = SwiftUI_SampleApp;
			productReference = F665E8172B2B3A4B00607A2B /* SwiftUI_SampleApp.app */;
			productType = "com.apple.product-type.application";
		};
/* End PBXNativeTarget section */

/* Begin PBXProject section */
		F665E80F2B2B3A4B00607A2B /* Project object */ = {
			isa = PBXProject;
			attributes = {
				BuildIndependentTargetsInParallel = 1;
				LastSwiftUpdateCheck = 1430;
				LastUpgradeCheck = 1430;
				TargetAttributes = {
					F665E8162B2B3A4B00607A2B = {
						CreatedOnToolsVersion = 14.3;
					};
				};
			};
			buildConfigurationList = F665E8122B2B3A4B00607A2B /* Build configuration list for PBXProject "SwiftUI_SampleApp" */;
			compatibilityVersion = "Xcode 14.0";
			developmentRegion = en;
			hasScannedForEncodings = 0;
			knownRegions = (
				en,
				Base,
			);
			mainGroup = F665E80E2B2B3A4B00607A2B;
			productRefGroup = F665E8182B2B3A4B00607A2B /* Products */;
			projectDirPath = "";
			projectRoot = "";
			targets = (
				F665E8162B2B3A4B00607A2B /* SwiftUI_SampleApp */,
			);
		};
/* End PBXProject section */

/* Begin PBXResourcesBuildPhase section */
		F665E8152B2B3A4B00607A2B /* Resources */ = {
			isa = PBXResourcesBuildPhase;
			buildActionMask = 2147483647;
			files = (
				F665E8222B2B3A4C00607A2B /* Preview Assets.xcassets in Resources */,
				F665E81F2B2B3A4C00607A2B /* Assets.xcassets in Resources */,
			);
			runOnlyForDeploymentPostprocessing = 0;
		};
/* End PBXResourcesBuildPhase section */

/* Begin PBXSourcesBuildPhase section */
		F665E8132B2B3A4B00607A2B /* Sources */ = {
			isa = PBXSourcesBuildPhase;
			buildActionMask = 2147483647;
			files = (
				F665E8352B2C729A00607A2B /* StoryModels.swift in Sources */,
				F665E83D2B2C81EB00607A2B /* Event.swift in Sources */,
				F665E8412B2C831000607A2B /* EventData.swift in Sources */,
				F665E8372B2C78B700607A2B /* StoryPageView.swift in Sources */,
				F665E8512B2C9AB600607A2B /* EventRow.swift in Sources */,
				F665E8312B2B3E5A00607A2B /* Data.swift in Sources */,
				F665E83F2B2C828A00607A2B /* EventTask.swift in Sources */,
				F665E8432B2C8F9F00607A2B /* ColorOption.swift in Sources */,
				F665E82D2B2B3D5100607A2B /* FavoritesView.swift in Sources */,
				F665E8472B2C90FC00607A2B /* EventList.swift in Sources */,
				F665E84F2B2C993800607A2B /* SFSymbolStyling.swift in Sources */,
				F665E8292B2B3D4000607A2B /* HomeView.swift in Sources */,
				F665E82F2B2B3D9D00607A2B /* FunFactsView.swift in Sources */,
				F665E81D2B2B3A4B00607A2B /* ContentView.swift in Sources */,
				F665E8492B2C936900607A2B /* EventDetail.swift in Sources */,
				F665E8452B2C8FD000607A2B /* EventSymbols.swift in Sources */,
				F665E82B2B2B3D4800607A2B /* StoryView.swift in Sources */,
				F665E84D2B2C96E300607A2B /* SymbolPicker.swift in Sources */,
				F665E84B2B2C94F300607A2B /* TaskRow.swift in Sources */,
				F665E8532B2C9BAD00607A2B /* EventEditor.swift in Sources */,
				F665E81B2B2B3A4B00607A2B /* SwiftUI_SampleAppApp.swift in Sources */,
				F665E8332B2C71C900607A2B /* MyStory.swift in Sources */,
			);
			runOnlyForDeploymentPostprocessing = 0;
		};
/* End PBXSourcesBuildPhase section */

/* Begin XCBuildConfiguration section */
		F665E8232B2B3A4C00607A2B /* Debug */ = {
			isa = XCBuildConfiguration;
			buildSettings = {
				ALWAYS_SEARCH_USER_PATHS = NO;
				CLANG_ANALYZER_NONNULL = YES;
				CLANG_ANALYZER_NUMBER_OBJECT_CONVERSION = YES_AGGRESSIVE;
				CLANG_CXX_LANGUAGE_STANDARD = "gnu++20";
				CLANG_ENABLE_MODULES = YES;
				CLANG_ENABLE_OBJC_ARC = YES;
				CLANG_ENABLE_OBJC_WEAK = YES;
				CLANG_WARN_BLOCK_CAPTURE_AUTORELEASING = YES;
				CLANG_WARN_BOOL_CONVERSION = YES;
				CLANG_WARN_COMMA = YES;
				CLANG_WARN_CONSTANT_CONVERSION = YES;
				CLANG_WARN_DEPRECATED_OBJC_IMPLEMENTATIONS = YES;
				CLANG_WARN_DIRECT_OBJC_ISA_USAGE = YES_ERROR;
				CLANG_WARN_DOCUMENTATION_COMMENTS = YES;
				CLANG_WARN_EMPTY_BODY = YES;
				CLANG_WARN_ENUM_CONVERSION = YES;
				CLANG_WARN_INFINITE_RECURSION = YES;
				CLANG_WARN_INT_CONVERSION = YES;
				CLANG_WARN_NON_LITERAL_NULL_CONVERSION = YES;
				CLANG_WARN_OBJC_IMPLICIT_RETAIN_SELF = YES;
				CLANG_WARN_OBJC_LITERAL_CONVERSION = YES;
				CLANG_WARN_OBJC_ROOT_CLASS = YES_ERROR;
				CLANG_WARN_QUOTED_INCLUDE_IN_FRAMEWORK_HEADER = YES;
				CLANG_WARN_RANGE_LOOP_ANALYSIS = YES;
				CLANG_WARN_STRICT_PROTOTYPES = YES;
				CLANG_WARN_SUSPICIOUS_MOVE = YES;
				CLANG_WARN_UNGUARDED_AVAILABILITY = YES_AGGRESSIVE;
				CLANG_WARN_UNREACHABLE_CODE = YES;
				CLANG_WARN__DUPLICATE_METHOD_MATCH = YES;
				COPY_PHASE_STRIP = NO;
				DEBUG_INFORMATION_FORMAT = dwarf;
				ENABLE_STRICT_OBJC_MSGSEND = YES;
				ENABLE_TESTABILITY = YES;
				GCC_C_LANGUAGE_STANDARD = gnu11;
				GCC_DYNAMIC_NO_PIC = NO;
				GCC_NO_COMMON_BLOCKS = YES;
				GCC_OPTIMIZATION_LEVEL = 0;
				GCC_PREPROCESSOR_DEFINITIONS = (
					"DEBUG=1",
					"$(inherited)",
				);
				GCC_WARN_64_TO_32_BIT_CONVERSION = YES;
				GCC_WARN_ABOUT_RETURN_TYPE = YES_ERROR;
				GCC_WARN_UNDECLARED_SELECTOR = YES;
				GCC_WARN_UNINITIALIZED_AUTOS = YES_AGGRESSIVE;
				GCC_WARN_UNUSED_FUNCTION = YES;
				GCC_WARN_UNUSED_VARIABLE = YES;
				IPHONEOS_DEPLOYMENT_TARGET = 16.4;
				MTL_ENABLE_DEBUG_INFO = INCLUDE_SOURCE;
				MTL_FAST_MATH = YES;
				ONLY_ACTIVE_ARCH = YES;
				SDKROOT = iphoneos;
				SWIFT_ACTIVE_COMPILATION_CONDITIONS = DEBUG;
				SWIFT_OPTIMIZATION_LEVEL = "-Onone";
			};
			name = Debug;
		};
		F665E8242B2B3A4C00607A2B /* Release */ = {
			isa = XCBuildConfiguration;
			buildSettings = {
				ALWAYS_SEARCH_USER_PATHS = NO;
				CLANG_ANALYZER_NONNULL = YES;
				CLANG_ANALYZER_NUMBER_OBJECT_CONVERSION = YES_AGGRESSIVE;
				CLANG_CXX_LANGUAGE_STANDARD = "gnu++20";
				CLANG_ENABLE_MODULES = YES;
				CLANG_ENABLE_OBJC_ARC = YES;
				CLANG_ENABLE_OBJC_WEAK = YES;
				CLANG_WARN_BLOCK_CAPTURE_AUTORELEASING = YES;
				CLANG_WARN_BOOL_CONVERSION = YES;
				CLANG_WARN_COMMA = YES;
				CLANG_WARN_CONSTANT_CONVERSION = YES;
				CLANG_WARN_DEPRECATED_OBJC_IMPLEMENTATIONS = YES;
				CLANG_WARN_DIRECT_OBJC_ISA_USAGE = YES_ERROR;
				CLANG_WARN_DOCUMENTATION_COMMENTS = YES;
				CLANG_WARN_EMPTY_BODY = YES;
				CLANG_WARN_ENUM_CONVERSION = YES;
				CLANG_WARN_INFINITE_RECURSION = YES;
				CLANG_WARN_INT_CONVERSION = YES;
				CLANG_WARN_NON_LITERAL_NULL_CONVERSION = YES;
				CLANG_WARN_OBJC_IMPLICIT_RETAIN_SELF = YES;
				CLANG_WARN_OBJC_LITERAL_CONVERSION = YES;
				CLANG_WARN_OBJC_ROOT_CLASS = YES_ERROR;
				CLANG_WARN_QUOTED_INCLUDE_IN_FRAMEWORK_HEADER = YES;
				CLANG_WARN_RANGE_LOOP_ANALYSIS = YES;
				CLANG_WARN_STRICT_PROTOTYPES = YES;
				CLANG_WARN_SUSPICIOUS_MOVE = YES;
				CLANG_WARN_UNGUARDED_AVAILABILITY = YES_AGGRESSIVE;
				CLANG_WARN_UNREACHABLE_CODE = YES;
				CLANG_WARN__DUPLICATE_METHOD_MATCH = YES;
				COPY_PHASE_STRIP = NO;
				DEBUG_INFORMATION_FORMAT = "dwarf-with-dsym";
				ENABLE_NS_ASSERTIONS = NO;
				ENABLE_STRICT_OBJC_MSGSEND = YES;
				GCC_C_LANGUAGE_STANDARD = gnu11;
				GCC_NO_COMMON_BLOCKS = YES;
				GCC_WARN_64_TO_32_BIT_CONVERSION = YES;
				GCC_WARN_ABOUT_RETURN_TYPE = YES_ERROR;
				GCC_WARN_UNDECLARED_SELECTOR = YES;
				GCC_WARN_UNINITIALIZED_AUTOS = YES_AGGRESSIVE;
				GCC_WARN_UNUSED_FUNCTION = YES;
				GCC_WARN_UNUSED_VARIABLE = YES;
				IPHONEOS_DEPLOYMENT_TARGET = 16.4;
				MTL_ENABLE_DEBUG_INFO = NO;
				MTL_FAST_MATH = YES;
				SDKROOT = iphoneos;
				SWIFT_COMPILATION_MODE = wholemodule;
				SWIFT_OPTIMIZATION_LEVEL = "-O";
				VALIDATE_PRODUCT = YES;
			};
			name = Release;
		};
		F665E8262B2B3A4C00607A2B /* Debug */ = {
			isa = XCBuildConfiguration;
			buildSettings = {
				ASSETCATALOG_COMPILER_APPICON_NAME = AppIcon;
				ASSETCATALOG_COMPILER_GLOBAL_ACCENT_COLOR_NAME = AccentColor;
				CODE_SIGN_STYLE = Automatic;
				CURRENT_PROJECT_VERSION = 1;
				DEVELOPMENT_ASSET_PATHS = "\"SwiftUI_SampleApp/Preview Content\"";
				DEVELOPMENT_TEAM = FJNF7APGSX;
				ENABLE_PREVIEWS = YES;
				GENERATE_INFOPLIST_FILE = YES;
				INFOPLIST_KEY_UIApplicationSceneManifest_Generation = YES;
				INFOPLIST_KEY_UIApplicationSupportsIndirectInputEvents = YES;
				INFOPLIST_KEY_UILaunchScreen_Generation = YES;
				INFOPLIST_KEY_UISupportedInterfaceOrientations_iPad = "UIInterfaceOrientationPortrait UIInterfaceOrientationPortraitUpsideDown UIInterfaceOrientationLandscapeLeft UIInterfaceOrientationLandscapeRight";
				INFOPLIST_KEY_UISupportedInterfaceOrientations_iPhone = "UIInterfaceOrientationPortrait UIInterfaceOrientationLandscapeLeft UIInterfaceOrientationLandscapeRight";
				LD_RUNPATH_SEARCH_PATHS = (
					"$(inherited)",
					"@executable_path/Frameworks",
				);
				MARKETING_VERSION = 1.0;
				PRODUCT_BUNDLE_IDENTIFIER = "com.rOarMJ.SwiftUI-SampleApp";
				PRODUCT_NAME = "$(TARGET_NAME)";
				SWIFT_EMIT_LOC_STRINGS = YES;
				SWIFT_VERSION = 5.0;
				TARGETED_DEVICE_FAMILY = "1,2";
			};
			name = Debug;
		};
		F665E8272B2B3A4C00607A2B /* Release */ = {
			isa = XCBuildConfiguration;
			buildSettings = {
				ASSETCATALOG_COMPILER_APPICON_NAME = AppIcon;
				ASSETCATALOG_COMPILER_GLOBAL_ACCENT_COLOR_NAME = AccentColor;
				CODE_SIGN_STYLE = Automatic;
				CURRENT_PROJECT_VERSION = 1;
				DEVELOPMENT_ASSET_PATHS = "\"SwiftUI_SampleApp/Preview Content\"";
				DEVELOPMENT_TEAM = FJNF7APGSX;
				ENABLE_PREVIEWS = YES;
				GENERATE_INFOPLIST_FILE = YES;
				INFOPLIST_KEY_UIApplicationSceneManifest_Generation = YES;
				INFOPLIST_KEY_UIApplicationSupportsIndirectInputEvents = YES;
				INFOPLIST_KEY_UILaunchScreen_Generation = YES;
				INFOPLIST_KEY_UISupportedInterfaceOrientations_iPad = "UIInterfaceOrientationPortrait UIInterfaceOrientationPortraitUpsideDown UIInterfaceOrientationLandscapeLeft UIInterfaceOrientationLandscapeRight";
				INFOPLIST_KEY_UISupportedInterfaceOrientations_iPhone = "UIInterfaceOrientationPortrait UIInterfaceOrientationLandscapeLeft UIInterfaceOrientationLandscapeRight";
				LD_RUNPATH_SEARCH_PATHS = (
					"$(inherited)",
					"@executable_path/Frameworks",
				);
				MARKETING_VERSION = 1.0;
				PRODUCT_BUNDLE_IDENTIFIER = "com.rOarMJ.SwiftUI-SampleApp";
				PRODUCT_NAME = "$(TARGET_NAME)";
				SWIFT_EMIT_LOC_STRINGS = YES;
				SWIFT_VERSION = 5.0;
				TARGETED_DEVICE_FAMILY = "1,2";
			};
			name = Release;
		};
/* End XCBuildConfiguration section */

/* Begin XCConfigurationList section */
		F665E8122B2B3A4B00607A2B /* Build configuration list for PBXProject "SwiftUI_SampleApp" */ = {
			isa = XCConfigurationList;
			buildConfigurations = (
				F665E8232B2B3A4C00607A2B /* Debug */,
				F665E8242B2B3A4C00607A2B /* Release */,
			);
			defaultConfigurationIsVisible = 0;
			defaultConfigurationName = Release;
		};
		F665E8252B2B3A4C00607A2B /* Build configuration list for PBXNativeTarget "SwiftUI_SampleApp" */ = {
			isa = XCConfigurationList;
			buildConfigurations = (
				F665E8262B2B3A4C00607A2B /* Debug */,
				F665E8272B2B3A4C00607A2B /* Release */,
			);
			defaultConfigurationIsVisible = 0;
			defaultConfigurationName = Release;
		};
/* End XCConfigurationList section */
	};
	rootObject = F665E80F2B2B3A4B00607A2B /* Project object */;
}
